
Microsoft Visual Studio Solution File, Format Version 12.00
# Visual Studio Version 17
VisualStudioVersion = 17.2.32630.192
MinimumVisualStudioVersion = 10.0.40219.1
Project("{FAE04EC0-301F-11D3-BF4B-00C04F79EFBC}") = "RazorWebApplication", "RazorWebApplication.csproj", "{2BE97228-488E-406F-995C-E2348DC00D1E}"
EndProject
Global
	GlobalSection(SolutionConfigurationPlatforms) = preSolution
		Debug|Any CPU = Debug|Any CPU
		Release|Any CPU = Release|Any CPU
	EndGlobalSection
	GlobalSection(ProjectConfigurationPlatforms) = postSolution
		{2BE97228-488E-406F-995C-E2348DC00D1E}.Debug|Any CPU.ActiveCfg = Debug|Any CPU
		{2BE97228-488E-406F-995C-E2348DC00D1E}.Debug|Any CPU.Build.0 = Debug|Any CPU
		{2BE97228-488E-406F-995C-E2348DC00D1E}.Release|Any CPU.ActiveCfg = Release|Any CPU
		{2BE97228-488E-406F-995C-E2348DC00D1E}.Release|Any CPU.Build.0 = Release|Any CPU
	EndGlobalSection
	GlobalSection(SolutionProperties) = preSolution
		HideSolutionNode = FALSE
	EndGlobalSection
	GlobalSection(ExtensibilityGlobals) = postSolution
		SolutionGuid = {12C4309D-3EFF-4A96-BB9B-A554C57F056E}
	EndGlobalSection
EndGlobal
